
Microsoft Visual Studio Solution File, Format Version 12.00
# Visual Studio Version 17
VisualStudioVersion = 17.4.33103.184
MinimumVisualStudioVersion = 10.0.40219.1
Project("{FAE04EC0-301F-11D3-BF4B-00C04F79EFBC}") = "BSM", "BSM\BSM.csproj", "{CE86D7B7-4EFB-423B-926A-BFD164CD6916}"
EndProject
Global
	GlobalSection(SolutionConfigurationPlatforms) = preSolution
		Debug|Any CPU = Debug|Any CPU
		Release|Any CPU = Release|Any CPU
	EndGlobalSection
	GlobalSection(ProjectConfigurationPlatforms) = postSolution
		{CE86D7B7-4EFB-423B-926A-BFD164CD6916}.Debug|Any CPU.ActiveCfg = Debug|Any CPU
		{CE86D7B7-4EFB-423B-926A-BFD164CD6916}.Debug|Any CPU.Build.0 = Debug|Any CPU
		{CE86D7B7-4EFB-423B-926A-BFD164CD6916}.Release|Any CPU.ActiveCfg = Release|Any CPU
		{CE86D7B7-4EFB-423B-926A-BFD164CD6916}.Release|Any CPU.Build.0 = Release|Any CPU
	EndGlobalSection
	GlobalSection(SolutionProperties) = preSolution
		HideSolutionNode = FALSE
	EndGlobalSection
	GlobalSection(ExtensibilityGlobals) = postSolution
		SolutionGuid = {157DAFBB-D45D-4BB6-BB80-21B5BC4ABB7D}
	EndGlobalSection
EndGlobal
